github.com/jepsen-io/maelstrom/demo/go v0.0.0-20231231190402-2674df7c1076 h1:F5ytAY6tuSPROoHctDr154A6ePf67xQ90Jre/IT+mJ8=
github.com/jepsen-io/maelstrom/demo/go v0.0.0-20231231190402-2674df7c1076/go.mod h1:i6aVIs5AIOOaQF1lAisBm7DDeWM1Iopf+26UxjagsCU=
golang.org/x/exp v0.0.0-20240119083558-1b970713d09a h1:Q8/wZp0KX97QFTc2ywcOE0YRjZPVIx+MXInMzdvQqcA=
golang.org/x/exp v0.0.0-20240119083558-1b970713d09a/go.mod h1:idGWGoKP1toJGkd5/ig9ZLuPcZBC3ewk7SzmH0uou08=
